
Microsoft Visual Studio Solution File, Format Version 12.00
# Visual Studio 15
VisualStudioVersion = 15.0.27004.2005
MinimumVisualStudioVersion = 10.0.40219.1
Project("{9A19103F-16F7-4668-BE54-9A1E7A4F7556}") = "AspNetCore", "AspNetCore\AspNetCore.csproj", "{30267F1B-3CB4-4034-B459-3D0859A89767}"
EndProject
Project("{9A19103F-16F7-4668-BE54-9A1E7A4F7556}") = "AspNetStandard", "AspNetStandard\AspNetStandard.csproj", "{457D6A60-6038-4AE2-B0D3-E94495B699E1}"
EndProject
Project("{FAE04EC0-301F-11D3-BF4B-00C04F79EFBC}") = "AspNetCoreInFramework", "AspNetCoreInFramework\AspNetCoreInFramework.csproj", "{78AA82CC-838E-4735-9047-70F6101206EA}"
EndProject
Project("{FAE04EC0-301F-11D3-BF4B-00C04F79EFBC}") = "AspNetFramework", "AspNetFramework\AspNetFramework.csproj", "{FB14D136-7099-455D-998F-760CAF206784}"
EndProject
Project("{9A19103F-16F7-4668-BE54-9A1E7A4F7556}") = "Microsoft.AspNetCore.Http", "HttpAbstractions\src\Microsoft.AspNetCore.Http\Microsoft.AspNetCore.Http.csproj", "{BCF0F967-8753-4438-BD07-AADCA9CE509A}"
EndProject
Project("{9A19103F-16F7-4668-BE54-9A1E7A4F7556}") = "Microsoft.AspNetCore.Http.Abstractions", "HttpAbstractions\src\Microsoft.AspNetCore.Http.Abstractions\Microsoft.AspNetCore.Http.Abstractions.csproj", "{22071333-15BA-4D16-A1D5-4D5B1A83FBDD}"
EndProject
Project("{9A19103F-16F7-4668-BE54-9A1E7A4F7556}") = "Microsoft.AspNetCore.Http.Features", "HttpAbstractions\src\Microsoft.AspNetCore.Http.Features\Microsoft.AspNetCore.Http.Features.csproj", "{D9128247-8F97-48B8-A863-F1F21A029FCE}"
EndProject
Project("{9A19103F-16F7-4668-BE54-9A1E7A4F7556}") = "Microsoft.AspNetCore.Http.Tests", "HttpAbstractions\test\Microsoft.AspNetCore.Http.Tests\Microsoft.AspNetCore.Http.Tests.csproj", "{AA99AF26-F7B1-4A6B-A922-5C25539F6391}"
EndProject
Project("{9A19103F-16F7-4668-BE54-9A1E7A4F7556}") = "Microsoft.AspNetCore.Http.Features.Tests", "HttpAbstractions\test\Microsoft.AspNetCore.Http.Features.Tests\Microsoft.AspNetCore.Http.Features.Tests.csproj", "{C5D2BAE1-E182-48A0-AA74-1AF14B782BF7}"
EndProject
Project("{9A19103F-16F7-4668-BE54-9A1E7A4F7556}") = "Microsoft.AspNetCore.Http.Abstractions.Tests", "HttpAbstractions\test\Microsoft.AspNetCore.Http.Abstractions.Tests\Microsoft.AspNetCore.Http.Abstractions.Tests.csproj", "{F16692B8-9F38-4DCA-A582-E43172B989C6}"
EndProject
Project("{9A19103F-16F7-4668-BE54-9A1E7A4F7556}") = "Microsoft.AspNetCore.Owin", "HttpAbstractions\src\Microsoft.AspNetCore.Owin\Microsoft.AspNetCore.Owin.csproj", "{59BED991-F207-48ED-B24C-0A1D9C986C01}"
EndProject
Project("{9A19103F-16F7-4668-BE54-9A1E7A4F7556}") = "Microsoft.AspNetCore.Owin.Tests", "HttpAbstractions\test\Microsoft.AspNetCore.Owin.Tests\Microsoft.AspNetCore.Owin.Tests.csproj", "{16219571-3268-4D12-8689-12B7163DBA13}"
EndProject
Project("{9A19103F-16F7-4668-BE54-9A1E7A4F7556}") = "Microsoft.AspNetCore.Http.Extensions", "HttpAbstractions\src\Microsoft.AspNetCore.Http.Extensions\Microsoft.AspNetCore.Http.Extensions.csproj", "{CCC4363E-81E2-4058-94DD-00494E9E992A}"
EndProject
Project("{9A19103F-16F7-4668-BE54-9A1E7A4F7556}") = "Microsoft.AspNetCore.Http.Extensions.Tests", "HttpAbstractions\test\Microsoft.AspNetCore.Http.Extensions.Tests\Microsoft.AspNetCore.Http.Extensions.Tests.csproj", "{AE25EF21-7F91-4B86-B73E-AF746821D339}"
EndProject
Project("{9A19103F-16F7-4668-BE54-9A1E7A4F7556}") = "Microsoft.AspNetCore.WebUtilities", "HttpAbstractions\src\Microsoft.AspNetCore.WebUtilities\Microsoft.AspNetCore.WebUtilities.csproj", "{A2FB7838-0031-4FAD-BA3E-83C30B3AF406}"
EndProject
Project("{9A19103F-16F7-4668-BE54-9A1E7A4F7556}") = "Microsoft.AspNetCore.WebUtilities.Tests", "HttpAbstractions\test\Microsoft.AspNetCore.WebUtilities.Tests\Microsoft.AspNetCore.WebUtilities.Tests.csproj", "{93C10E50-BCBB-4D8E-9492-D46E1396225B}"
EndProject
Project("{9A19103F-16F7-4668-BE54-9A1E7A4F7556}") = "Microsoft.Net.Http.Headers", "HttpAbstractions\src\Microsoft.Net.Http.Headers\Microsoft.Net.Http.Headers.csproj", "{60AA2FDB-8121-4826-8D00-9A143FEFAF66}"
EndProject
Project("{9A19103F-16F7-4668-BE54-9A1E7A4F7556}") = "Microsoft.Net.Http.Headers.Tests", "HttpAbstractions\test\Microsoft.Net.Http.Headers.Tests\Microsoft.Net.Http.Headers.Tests.csproj", "{E6BB7AD1-BD10-4A23-B780-F4A86ADF00D1}"
EndProject
Global
	GlobalSection(SolutionConfigurationPlatforms) = preSolution
		Debug|Any CPU = Debug|Any CPU
		Release|Any CPU = Release|Any CPU
	EndGlobalSection
	GlobalSection(ProjectConfigurationPlatforms) = postSolution
		{30267F1B-3CB4-4034-B459-3D0859A89767}.Debug|Any CPU.ActiveCfg = Debug|Any CPU
		{30267F1B-3CB4-4034-B459-3D0859A89767}.Debug|Any CPU.Build.0 = Debug|Any CPU
		{30267F1B-3CB4-4034-B459-3D0859A89767}.Release|Any CPU.ActiveCfg = Release|Any CPU
		{30267F1B-3CB4-4034-B459-3D0859A89767}.Release|Any CPU.Build.0 = Release|Any CPU
		{457D6A60-6038-4AE2-B0D3-E94495B699E1}.Debug|Any CPU.ActiveCfg = Debug|Any CPU
		{457D6A60-6038-4AE2-B0D3-E94495B699E1}.Debug|Any CPU.Build.0 = Debug|Any CPU
		{457D6A60-6038-4AE2-B0D3-E94495B699E1}.Release|Any CPU.ActiveCfg = Release|Any CPU
		{457D6A60-6038-4AE2-B0D3-E94495B699E1}.Release|Any CPU.Build.0 = Release|Any CPU
		{78AA82CC-838E-4735-9047-70F6101206EA}.Debug|Any CPU.ActiveCfg = Debug|Any CPU
		{78AA82CC-838E-4735-9047-70F6101206EA}.Debug|Any CPU.Build.0 = Debug|Any CPU
		{78AA82CC-838E-4735-9047-70F6101206EA}.Release|Any CPU.ActiveCfg = Release|Any CPU
		{78AA82CC-838E-4735-9047-70F6101206EA}.Release|Any CPU.Build.0 = Release|Any CPU
		{FB14D136-7099-455D-998F-760CAF206784}.Debug|Any CPU.ActiveCfg = Debug|Any CPU
		{FB14D136-7099-455D-998F-760CAF206784}.Debug|Any CPU.Build.0 = Debug|Any CPU
		{FB14D136-7099-455D-998F-760CAF206784}.Release|Any CPU.ActiveCfg = Release|Any CPU
		{FB14D136-7099-455D-998F-760CAF206784}.Release|Any CPU.Build.0 = Release|Any CPU
		{BCF0F967-8753-4438-BD07-AADCA9CE509A}.Debug|Any CPU.ActiveCfg = Debug|Any CPU
		{BCF0F967-8753-4438-BD07-AADCA9CE509A}.Debug|Any CPU.Build.0 = Debug|Any CPU
		{BCF0F967-8753-4438-BD07-AADCA9CE509A}.Release|Any CPU.ActiveCfg = Release|Any CPU
		{BCF0F967-8753-4438-BD07-AADCA9CE509A}.Release|Any CPU.Build.0 = Release|Any CPU
		{22071333-15BA-4D16-A1D5-4D5B1A83FBDD}.Debug|Any CPU.ActiveCfg = Debug|Any CPU
		{22071333-15BA-4D16-A1D5-4D5B1A83FBDD}.Debug|Any CPU.Build.0 = Debug|Any CPU
		{22071333-15BA-4D16-A1D5-4D5B1A83FBDD}.Release|Any CPU.ActiveCfg = Release|Any CPU
		{22071333-15BA-4D16-A1D5-4D5B1A83FBDD}.Release|Any CPU.Build.0 = Release|Any CPU
		{D9128247-8F97-48B8-A863-F1F21A029FCE}.Debug|Any CPU.ActiveCfg = Debug|Any CPU
		{D9128247-8F97-48B8-A863-F1F21A029FCE}.Debug|Any CPU.Build.0 = Debug|Any CPU
		{D9128247-8F97-48B8-A863-F1F21A029FCE}.Release|Any CPU.ActiveCfg = Release|Any CPU
		{D9128247-8F97-48B8-A863-F1F21A029FCE}.Release|Any CPU.Build.0 = Release|Any CPU
		{AA99AF26-F7B1-4A6B-A922-5C25539F6391}.Debug|Any CPU.ActiveCfg = Debug|Any CPU
		{AA99AF26-F7B1-4A6B-A922-5C25539F6391}.Debug|Any CPU.Build.0 = Debug|Any CPU
		{AA99AF26-F7B1-4A6B-A922-5C25539F6391}.Release|Any CPU.ActiveCfg = Release|Any CPU
		{AA99AF26-F7B1-4A6B-A922-5C25539F6391}.Release|Any CPU.Build.0 = Release|Any CPU
		{C5D2BAE1-E182-48A0-AA74-1AF14B782BF7}.Debug|Any CPU.ActiveCfg = Debug|Any CPU
		{C5D2BAE1-E182-48A0-AA74-1AF14B782BF7}.Debug|Any CPU.Build.0 = Debug|Any CPU
		{C5D2BAE1-E182-48A0-AA74-1AF14B782BF7}.Release|Any CPU.ActiveCfg = Release|Any CPU
		{C5D2BAE1-E182-48A0-AA74-1AF14B782BF7}.Release|Any CPU.Build.0 = Release|Any CPU
		{F16692B8-9F38-4DCA-A582-E43172B989C6}.Debug|Any CPU.ActiveCfg = Debug|Any CPU
		{F16692B8-9F38-4DCA-A582-E43172B989C6}.Debug|Any CPU.Build.0 = Debug|Any CPU
		{F16692B8-9F38-4DCA-A582-E43172B989C6}.Release|Any CPU.ActiveCfg = Release|Any CPU
		{F16692B8-9F38-4DCA-A582-E43172B989C6}.Release|Any CPU.Build.0 = Release|Any CPU
		{59BED991-F207-48ED-B24C-0A1D9C986C01}.Debug|Any CPU.ActiveCfg = Debug|Any CPU
		{59BED991-F207-48ED-B24C-0A1D9C986C01}.Debug|Any CPU.Build.0 = Debug|Any CPU
		{59BED991-F207-48ED-B24C-0A1D9C986C01}.Release|Any CPU.ActiveCfg = Release|Any CPU
		{59BED991-F207-48ED-B24C-0A1D9C986C01}.Release|Any CPU.Build.0 = Release|Any CPU
		{16219571-3268-4D12-8689-12B7163DBA13}.Debug|Any CPU.ActiveCfg = Debug|Any CPU
		{16219571-3268-4D12-8689-12B7163DBA13}.Debug|Any CPU.Build.0 = Debug|Any CPU
		{16219571-3268-4D12-8689-12B7163DBA13}.Release|Any CPU.ActiveCfg = Release|Any CPU
		{16219571-3268-4D12-8689-12B7163DBA13}.Release|Any CPU.Build.0 = Release|Any CPU
		{CCC4363E-81E2-4058-94DD-00494E9E992A}.Debug|Any CPU.ActiveCfg = Debug|Any CPU
		{CCC4363E-81E2-4058-94DD-00494E9E992A}.Debug|Any CPU.Build.0 = Debug|Any CPU
		{CCC4363E-81E2-4058-94DD-00494E9E992A}.Release|Any CPU.ActiveCfg = Release|Any CPU
		{CCC4363E-81E2-4058-94DD-00494E9E992A}.Release|Any CPU.Build.0 = Release|Any CPU
		{AE25EF21-7F91-4B86-B73E-AF746821D339}.Debug|Any CPU.ActiveCfg = Debug|Any CPU
		{AE25EF21-7F91-4B86-B73E-AF746821D339}.Debug|Any CPU.Build.0 = Debug|Any CPU
		{AE25EF21-7F91-4B86-B73E-AF746821D339}.Release|Any CPU.ActiveCfg = Release|Any CPU
		{AE25EF21-7F91-4B86-B73E-AF746821D339}.Release|Any CPU.Build.0 = Release|Any CPU
		{A2FB7838-0031-4FAD-BA3E-83C30B3AF406}.Debug|Any CPU.ActiveCfg = Debug|Any CPU
		{A2FB7838-0031-4FAD-BA3E-83C30B3AF406}.Debug|Any CPU.Build.0 = Debug|Any CPU
		{A2FB7838-0031-4FAD-BA3E-83C30B3AF406}.Release|Any CPU.ActiveCfg = Release|Any CPU
		{A2FB7838-0031-4FAD-BA3E-83C30B3AF406}.Release|Any CPU.Build.0 = Release|Any CPU
		{93C10E50-BCBB-4D8E-9492-D46E1396225B}.Debug|Any CPU.ActiveCfg = Debug|Any CPU
		{93C10E50-BCBB-4D8E-9492-D46E1396225B}.Debug|Any CPU.Build.0 = Debug|Any CPU
		{93C10E50-BCBB-4D8E-9492-D46E1396225B}.Release|Any CPU.ActiveCfg = Release|Any CPU
		{93C10E50-BCBB-4D8E-9492-D46E1396225B}.Release|Any CPU.Build.0 = Release|Any CPU
		{60AA2FDB-8121-4826-8D00-9A143FEFAF66}.Debug|Any CPU.ActiveCfg = Debug|Any CPU
		{60AA2FDB-8121-4826-8D00-9A143FEFAF66}.Debug|Any CPU.Build.0 = Debug|Any CPU
		{60AA2FDB-8121-4826-8D00-9A143FEFAF66}.Release|Any CPU.ActiveCfg = Release|Any CPU
		{60AA2FDB-8121-4826-8D00-9A143FEFAF66}.Release|Any CPU.Build.0 = Release|Any CPU
		{E6BB7AD1-BD10-4A23-B780-F4A86ADF00D1}.Debug|Any CPU.ActiveCfg = Debug|Any CPU
		{E6BB7AD1-BD10-4A23-B780-F4A86ADF00D1}.Debug|Any CPU.Build.0 = Debug|Any CPU
		{E6BB7AD1-BD10-4A23-B780-F4A86ADF00D1}.Release|Any CPU.ActiveCfg = Release|Any CPU
		{E6BB7AD1-BD10-4A23-B780-F4A86ADF00D1}.Release|Any CPU.Build.0 = Release|Any CPU
	EndGlobalSection
	GlobalSection(SolutionProperties) = preSolution
		HideSolutionNode = FALSE
	EndGlobalSection
	GlobalSection(ExtensibilityGlobals) = postSolution
		SolutionGuid = {405BBAAC-5D15-4643-89AA-EA0510D11606}
	EndGlobalSection
EndGlobal
